
Microsoft Visual Studio Solution File, Format Version 12.00
# Visual Studio Version 17
VisualStudioVersion = 17.0.31912.275
MinimumVisualStudioVersion = 10.0.40219.1
Project("{FAE04EC0-301F-11D3-BF4B-00C04F79EFBC}") = "UC1_UC2_UC3_AddUpdateRemove", "UC1_UC2_UC3_AddUpdateRemove\UC1_UC2_UC3_AddUpdateRemove.csproj", "{120E5E85-667E-4886-8276-9D109FE51CA9}"
EndProject
Global
	GlobalSection(SolutionConfigurationPlatforms) = preSolution
		Debug|Any CPU = Debug|Any CPU
		Release|Any CPU = Release|Any CPU
	EndGlobalSection
	GlobalSection(ProjectConfigurationPlatforms) = postSolution
		{120E5E85-667E-4886-8276-9D109FE51CA9}.Debug|Any CPU.ActiveCfg = Debug|Any CPU
		{120E5E85-667E-4886-8276-9D109FE51CA9}.Debug|Any CPU.Build.0 = Debug|Any CPU
		{120E5E85-667E-4886-8276-9D109FE51CA9}.Release|Any CPU.ActiveCfg = Release|Any CPU
		{120E5E85-667E-4886-8276-9D109FE51CA9}.Release|Any CPU.Build.0 = Release|Any CPU
	EndGlobalSection
	GlobalSection(SolutionProperties) = preSolution
		HideSolutionNode = FALSE
	EndGlobalSection
	GlobalSection(ExtensibilityGlobals) = postSolution
		SolutionGuid = {6A99DF89-D494-4EC4-BE3B-986FDB48E408}
	EndGlobalSection
EndGlobal
